
Microsoft Visual Studio Solution File, Format Version 12.00
# Visual Studio Version 16
VisualStudioVersion = 16.0.29326.143
MinimumVisualStudioVersion = 10.0.40219.1
Project("{9A19103F-16F7-4668-BE54-9A1E7A4F7556}") = "Orckestra", "Orckestra\Orckestra.csproj", "{1AB893DE-4E34-437D-8087-3E3CCC6AAC22}"
EndProject
Project("{FAE04EC0-301F-11D3-BF4B-00C04F79EFBC}") = "Orckestra.Tests", "Orckestra.Tests\Orckestra.Tests.csproj", "{DF588842-9251-4BEB-9463-159272A14D52}"
EndProject
Global
	GlobalSection(SolutionConfigurationPlatforms) = preSolution
		Debug|Any CPU = Debug|Any CPU
		Release|Any CPU = Release|Any CPU
	EndGlobalSection
	GlobalSection(ProjectConfigurationPlatforms) = postSolution
		{1AB893DE-4E34-437D-8087-3E3CCC6AAC22}.Debug|Any CPU.ActiveCfg = Debug|Any CPU
		{1AB893DE-4E34-437D-8087-3E3CCC6AAC22}.Debug|Any CPU.Build.0 = Debug|Any CPU
		{1AB893DE-4E34-437D-8087-3E3CCC6AAC22}.Release|Any CPU.ActiveCfg = Release|Any CPU
		{1AB893DE-4E34-437D-8087-3E3CCC6AAC22}.Release|Any CPU.Build.0 = Release|Any CPU
		{DF588842-9251-4BEB-9463-159272A14D52}.Debug|Any CPU.ActiveCfg = Debug|Any CPU
		{DF588842-9251-4BEB-9463-159272A14D52}.Debug|Any CPU.Build.0 = Debug|Any CPU
		{DF588842-9251-4BEB-9463-159272A14D52}.Release|Any CPU.ActiveCfg = Release|Any CPU
		{DF588842-9251-4BEB-9463-159272A14D52}.Release|Any CPU.Build.0 = Release|Any CPU
	EndGlobalSection
	GlobalSection(SolutionProperties) = preSolution
		HideSolutionNode = FALSE
	EndGlobalSection
	GlobalSection(ExtensibilityGlobals) = postSolution
		SolutionGuid = {585DFCA2-DBC8-4D22-B9EB-25622CBF4E5C}
	EndGlobalSection
EndGlobal
